
Microsoft Visual Studio Solution File, Format Version 12.00
Project("{FAE04EC0-301F-11D3-BF4B-00C04F79EFBC}") = "EmployeeList", "EmployeeList\EmployeeList.csproj", "{4C346AE1-09B1-4802-851C-0F5AD068987C}"
EndProject
Global
	GlobalSection(SolutionConfigurationPlatforms) = preSolution
		Debug|Any CPU = Debug|Any CPU
		Release|Any CPU = Release|Any CPU
	EndGlobalSection
	GlobalSection(ProjectConfigurationPlatforms) = postSolution
		{4C346AE1-09B1-4802-851C-0F5AD068987C}.Debug|Any CPU.ActiveCfg = Debug|Any CPU
		{4C346AE1-09B1-4802-851C-0F5AD068987C}.Debug|Any CPU.Build.0 = Debug|Any CPU
		{4C346AE1-09B1-4802-851C-0F5AD068987C}.Release|Any CPU.ActiveCfg = Release|Any CPU
		{4C346AE1-09B1-4802-851C-0F5AD068987C}.Release|Any CPU.Build.0 = Release|Any CPU
	EndGlobalSection
EndGlobal
